# This file is automatically @generated by Cargo.
# It is not intended for manual editing.
version = 3

[[package]]
name = "add"
version = "0.1.0"

[[package]]
name = "calculator"
version = "0.2.0-RC"
dependencies = [
 "add",
 "div",
 "mul",
 "sub",
]

[[package]]
name = "div"
version = "0.2.0-RC"

[[package]]
name = "mul"
version = "0.1.0"

[[package]]
name = "sub"
version = "0.1.0"
