# This file is automatically @generated by Cargo.
# It is not intended for manual editing.
version = 3

[[package]]
name = "add"
version = "0.4.0"

[[package]]
name = "calculator"
version = "0.6.0"
dependencies = [
 "add",
 "div",
 "dummy",
 "mul",
 "sub",
]

[[package]]
name = "div"
version = "0.5.0"

[[package]]
name = "dummy"
version = "0.0.0"

[[package]]
name = "mul"
version = "0.5.0"

[[package]]
name = "sub"
version = "0.4.0"
